
Microsoft Visual Studio Solution File, Format Version 12.00
# Visual Studio Version 17
VisualStudioVersion = 17.4.33103.184
MinimumVisualStudioVersion = 10.0.40219.1
Project("{FAE04EC0-301F-11D3-BF4B-00C04F79EFBC}") = "BingImageGetter", "BingImageGetter.csproj", "{A539FA13-F526-418F-A1BE-E04559BD414F}"
EndProject
Global
	GlobalSection(SolutionConfigurationPlatforms) = preSolution
		Debug|Any CPU = Debug|Any CPU
		Release|Any CPU = Release|Any CPU
	EndGlobalSection
	GlobalSection(ProjectConfigurationPlatforms) = postSolution
		{A539FA13-F526-418F-A1BE-E04559BD414F}.Debug|Any CPU.ActiveCfg = Debug|Any CPU
		{A539FA13-F526-418F-A1BE-E04559BD414F}.Debug|Any CPU.Build.0 = Debug|Any CPU
		{A539FA13-F526-418F-A1BE-E04559BD414F}.Release|Any CPU.ActiveCfg = Release|Any CPU
		{A539FA13-F526-418F-A1BE-E04559BD414F}.Release|Any CPU.Build.0 = Release|Any CPU
	EndGlobalSection
	GlobalSection(SolutionProperties) = preSolution
		HideSolutionNode = FALSE
	EndGlobalSection
	GlobalSection(ExtensibilityGlobals) = postSolution
		SolutionGuid = {730380E7-24AB-459C-A8A0-59572BD71C69}
	EndGlobalSection
EndGlobal
